// !$*UTF8*$!
{
	archiveVersion = 1;
	classes = {
	};
	objectVersion = 56;
	objects = {

/* Begin PBXBuildFile section */
		FC2D24BE2CE3A1C700C8DEE5 /* TabBarController.swift in Sources */ = {isa = PBXBuildFile; fileRef = FC2D24BD2CE3A1C700C8DEE5 /* TabBarController.swift */; };
		FC2D24C02CE3A1E000C8DEE5 /* Identifier+Extension.swift in Sources */ = {isa = PBXBuildFile; fileRef = FC2D24BF2CE3A1E000C8DEE5 /* Identifier+Extension.swift */; };
		FC4ADEE32BA31597009429C7 /* CategoryViewModel.swift in Sources */ = {isa = PBXBuildFile; fileRef = FC4ADEE22BA31597009429C7 /* CategoryViewModel.swift */; };
		FC4ADEE52BA474EF009429C7 /* ListViewModel.swift in Sources */ = {isa = PBXBuildFile; fileRef = FC4ADEE42BA474EF009429C7 /* ListViewModel.swift */; };
		FC76B68E2B3A0E3100092762 /* ListCell.swift in Sources */ = {isa = PBXBuildFile; fileRef = FC76B68C2B3A0E3100092762 /* ListCell.swift */; };
		FC76B68F2B3A0E3100092762 /* ListCell.xib in Resources */ = {isa = PBXBuildFile; fileRef = FC76B68D2B3A0E3100092762 /* ListCell.xib */; };
		FC76B6932B3AE6B200092762 /* SearchListCell.swift in Sources */ = {isa = PBXBuildFile; fileRef = FC76B6912B3AE6B200092762 /* SearchListCell.swift */; };
		FC76B6942B3AE6B200092762 /* SearchListCell.xib in Resources */ = {isa = PBXBuildFile; fileRef = FC76B6922B3AE6B200092762 /* SearchListCell.xib */; };
		FC76B6962B3C248800092762 /* UIImageView+Extension.swift in Sources */ = {isa = PBXBuildFile; fileRef = FC76B6952B3C248800092762 /* UIImageView+Extension.swift */; };
		FC76B6992B3C252400092762 /* SDWebImage in Frameworks */ = {isa = PBXBuildFile; productRef = FC76B6982B3C252400092762 /* SDWebImage */; };
		FC76B69C2B3C535500092762 /* SmallCardCell.swift in Sources */ = {isa = PBXBuildFile; fileRef = FC76B69A2B3C535500092762 /* SmallCardCell.swift */; };
		FC76B69D2B3C535500092762 /* SmallCardCell.xib in Resources */ = {isa = PBXBuildFile; fileRef = FC76B69B2B3C535500092762 /* SmallCardCell.xib */; };
		FC76B6A02B3CC2FB00092762 /* BigCardCell.swift in Sources */ = {isa = PBXBuildFile; fileRef = FC76B69E2B3CC2FB00092762 /* BigCardCell.swift */; };
		FC76B6A12B3CC2FB00092762 /* BigCardCell.xib in Resources */ = {isa = PBXBuildFile; fileRef = FC76B69F2B3CC2FB00092762 /* BigCardCell.xib */; };
		FC76B6A32B3D5D8B00092762 /* DetailsViewController.swift in Sources */ = {isa = PBXBuildFile; fileRef = FC76B6A22B3D5D8B00092762 /* DetailsViewController.swift */; };
		FC76B6A52B3D5E8500092762 /* CocktailDetailResponse.swift in Sources */ = {isa = PBXBuildFile; fileRef = FC76B6A42B3D5E8500092762 /* CocktailDetailResponse.swift */; };
		FC76B6A72B3D60B600092762 /* DetailEndpointItem.swift in Sources */ = {isa = PBXBuildFile; fileRef = FC76B6A62B3D60B600092762 /* DetailEndpointItem.swift */; };
		FC9861C52B38C3E10035A224 /* AppDelegate.swift in Sources */ = {isa = PBXBuildFile; fileRef = FC9861C42B38C3E10035A224 /* AppDelegate.swift */; };
		FC9861C72B38C3E10035A224 /* SceneDelegate.swift in Sources */ = {isa = PBXBuildFile; fileRef = FC9861C62B38C3E10035A224 /* SceneDelegate.swift */; };
		FC9861CC2B38C3E10035A224 /* Main.storyboard in Resources */ = {isa = PBXBuildFile; fileRef = FC9861CA2B38C3E10035A224 /* Main.storyboard */; };
		FC9861CE2B38C3E30035A224 /* Assets.xcassets in Resources */ = {isa = PBXBuildFile; fileRef = FC9861CD2B38C3E30035A224 /* Assets.xcassets */; };
		FC9861D12B38C3E30035A224 /* LaunchScreen.storyboard in Resources */ = {isa = PBXBuildFile; fileRef = FC9861CF2B38C3E30035A224 /* LaunchScreen.storyboard */; };
		FC9861DA2B3987640035A224 /* SearchViewController.swift in Sources */ = {isa = PBXBuildFile; fileRef = FC9861D92B3987630035A224 /* SearchViewController.swift */; };
		FC9861DC2B398EF00035A224 /* CategoryViewController.swift in Sources */ = {isa = PBXBuildFile; fileRef = FC9861DB2B398EF00035A224 /* CategoryViewController.swift */; };
		FC9861DE2B399D120035A224 /* ListViewController.swift in Sources */ = {isa = PBXBuildFile; fileRef = FC9861DD2B399D120035A224 /* ListViewController.swift */; };
		FC9861E12B399F270035A224 /* SearchResponse.swift in Sources */ = {isa = PBXBuildFile; fileRef = FC9861E02B399F270035A224 /* SearchResponse.swift */; };
		FC9861E32B399F850035A224 /* CategoryResponse.swift in Sources */ = {isa = PBXBuildFile; fileRef = FC9861E22B399F850035A224 /* CategoryResponse.swift */; };
		FC9861E52B399FB70035A224 /* ListResponse.swift in Sources */ = {isa = PBXBuildFile; fileRef = FC9861E42B399FB70035A224 /* ListResponse.swift */; };
		FC9861E82B39A05F0035A224 /* NetworkManager.swift in Sources */ = {isa = PBXBuildFile; fileRef = FC9861E72B39A05F0035A224 /* NetworkManager.swift */; };
		FC9861EB2B39A0E10035A224 /* Alamofire in Frameworks */ = {isa = PBXBuildFile; productRef = FC9861EA2B39A0E10035A224 /* Alamofire */; };
		FC9861EE2B39A1610035A224 /* Endpoint.swift in Sources */ = {isa = PBXBuildFile; fileRef = FC9861ED2B39A1610035A224 /* Endpoint.swift */; };
		FC9861F02B39A5DE0035A224 /* SearchEndpointItem.swift in Sources */ = {isa = PBXBuildFile; fileRef = FC9861EF2B39A5DE0035A224 /* SearchEndpointItem.swift */; };
		FC9861F22B39A6280035A224 /* CategoryEndpointItem.swift in Sources */ = {isa = PBXBuildFile; fileRef = FC9861F12B39A6280035A224 /* CategoryEndpointItem.swift */; };
		FC9861F62B39A6DD0035A224 /* ListEndpointItem.swift in Sources */ = {isa = PBXBuildFile; fileRef = FC9861F52B39A6DD0035A224 /* ListEndpointItem.swift */; };
		FC9861FA2B39A8630035A224 /* UIImage+Extension.swift in Sources */ = {isa = PBXBuildFile; fileRef = FC9861F92B39A8630035A224 /* UIImage+Extension.swift */; };
		FC9861FC2B39AC480035A224 /* URL+Extension.swift in Sources */ = {isa = PBXBuildFile; fileRef = FC9861FB2B39AC480035A224 /* URL+Extension.swift */; };
		FC9862032B39BB7F0035A224 /* CategoryCell.swift in Sources */ = {isa = PBXBuildFile; fileRef = FC9862012B39BB7F0035A224 /* CategoryCell.swift */; };
		FC9862042B39BB7F0035A224 /* CategoryCell.xib in Resources */ = {isa = PBXBuildFile; fileRef = FC9862022B39BB7F0035A224 /* CategoryCell.xib */; };
		FCB79E2F2BE3A51D0078563F /* DetailViewModel.swift in Sources */ = {isa = PBXBuildFile; fileRef = FCB79E2E2BE3A51D0078563F /* DetailViewModel.swift */; };
		FCB79E312BE3A5550078563F /* SearchViewModel.swift in Sources */ = {isa = PBXBuildFile; fileRef = FCB79E302BE3A5550078563F /* SearchViewModel.swift */; };
		FCB79E332BE3A5650078563F /* RandomViewModel.swift in Sources */ = {isa = PBXBuildFile; fileRef = FCB79E322BE3A5650078563F /* RandomViewModel.swift */; };
		FCBC2FEE2CEB54D90086F12F /* UIColor+Extension.swift in Sources */ = {isa = PBXBuildFile; fileRef = FCBC2FED2CEB54D90086F12F /* UIColor+Extension.swift */; };
		FCC35FAE2BE7AAB500D56EAB /* NetworkError.swift in Sources */ = {isa = PBXBuildFile; fileRef = FCC35FAD2BE7AAB500D56EAB /* NetworkError.swift */; };
		FCC35FB02BEA42BC00D56EAB /* ListViewStyle.swift in Sources */ = {isa = PBXBuildFile; fileRef = FCC35FAF2BEA42BC00D56EAB /* ListViewStyle.swift */; };
		FCDE84952CCA507A00DD39EF /* LaunchScreenViewController.swift in Sources */ = {isa = PBXBuildFile; fileRef = FCDE84942CCA507A00DD39EF /* LaunchScreenViewController.swift */; };
		FCDEBFDE2B455AD20069976C /* RandomCocktailViewController.swift in Sources */ = {isa = PBXBuildFile; fileRef = FCDEBFDD2B455AD20069976C /* RandomCocktailViewController.swift */; };
		FCDEBFE02B455BE60069976C /* RandomCocktailEndpointItem.swift in Sources */ = {isa = PBXBuildFile; fileRef = FCDEBFDF2B455BE60069976C /* RandomCocktailEndpointItem.swift */; };
		FCDEBFE22B455CC90069976C /* RandomCocktailResponse.swift in Sources */ = {isa = PBXBuildFile; fileRef = FCDEBFE12B455CC90069976C /* RandomCocktailResponse.swift */; };
		FCDEBFE42B4575260069976C /* RandomCocktailService.swift in Sources */ = {isa = PBXBuildFile; fileRef = FCDEBFE32B4575260069976C /* RandomCocktailService.swift */; };
/* End PBXBuildFile section */

/* Begin PBXFileReference section */
		FC2D24BD2CE3A1C700C8DEE5 /* TabBarController.swift */ = {isa = PBXFileReference; lastKnownFileType = sourcecode.swift; path = TabBarController.swift; sourceTree = "<group>"; };
		FC2D24BF2CE3A1E000C8DEE5 /* Identifier+Extension.swift */ = {isa = PBXFileReference; lastKnownFileType = sourcecode.swift; path = "Identifier+Extension.swift"; sourceTree = "<group>"; };
		FC4ADEE22BA31597009429C7 /* CategoryViewModel.swift */ = {isa = PBXFileReference; lastKnownFileType = sourcecode.swift; path = CategoryViewModel.swift; sourceTree = "<group>"; };
		FC4ADEE42BA474EF009429C7 /* ListViewModel.swift */ = {isa = PBXFileReference; lastKnownFileType = sourcecode.swift; path = ListViewModel.swift; sourceTree = "<group>"; };
		FC76B68C2B3A0E3100092762 /* ListCell.swift */ = {isa = PBXFileReference; lastKnownFileType = sourcecode.swift; path = ListCell.swift; sourceTree = "<group>"; };
		FC76B68D2B3A0E3100092762 /* ListCell.xib */ = {isa = PBXFileReference; lastKnownFileType = file.xib; path = ListCell.xib; sourceTree = "<group>"; };
		FC76B6912B3AE6B200092762 /* SearchListCell.swift */ = {isa = PBXFileReference; lastKnownFileType = sourcecode.swift; path = SearchListCell.swift; sourceTree = "<group>"; };
		FC76B6922B3AE6B200092762 /* SearchListCell.xib */ = {isa = PBXFileReference; lastKnownFileType = file.xib; path = SearchListCell.xib; sourceTree = "<group>"; };
		FC76B6952B3C248800092762 /* UIImageView+Extension.swift */ = {isa = PBXFileReference; lastKnownFileType = sourcecode.swift; path = "UIImageView+Extension.swift"; sourceTree = "<group>"; };
		FC76B69A2B3C535500092762 /* SmallCardCell.swift */ = {isa = PBXFileReference; lastKnownFileType = sourcecode.swift; path = SmallCardCell.swift; sourceTree = "<group>"; };
		FC76B69B2B3C535500092762 /* SmallCardCell.xib */ = {isa = PBXFileReference; lastKnownFileType = file.xib; path = SmallCardCell.xib; sourceTree = "<group>"; };
		FC76B69E2B3CC2FB00092762 /* BigCardCell.swift */ = {isa = PBXFileReference; lastKnownFileType = sourcecode.swift; path = BigCardCell.swift; sourceTree = "<group>"; };
		FC76B69F2B3CC2FB00092762 /* BigCardCell.xib */ = {isa = PBXFileReference; lastKnownFileType = file.xib; path = BigCardCell.xib; sourceTree = "<group>"; };
		FC76B6A22B3D5D8B00092762 /* DetailsViewController.swift */ = {isa = PBXFileReference; lastKnownFileType = sourcecode.swift; path = DetailsViewController.swift; sourceTree = "<group>"; };
		FC76B6A42B3D5E8500092762 /* CocktailDetailResponse.swift */ = {isa = PBXFileReference; lastKnownFileType = sourcecode.swift; path = CocktailDetailResponse.swift; sourceTree = "<group>"; };
		FC76B6A62B3D60B600092762 /* DetailEndpointItem.swift */ = {isa = PBXFileReference; lastKnownFileType = sourcecode.swift; path = DetailEndpointItem.swift; sourceTree = "<group>"; };
		FC9861C12B38C3E10035A224 /* CocktailApp.app */ = {isa = PBXFileReference; explicitFileType = wrapper.application; includeInIndex = 0; path = CocktailApp.app; sourceTree = BUILT_PRODUCTS_DIR; };
		FC9861C42B38C3E10035A224 /* AppDelegate.swift */ = {isa = PBXFileReference; lastKnownFileType = sourcecode.swift; path = AppDelegate.swift; sourceTree = "<group>"; };
		FC9861C62B38C3E10035A224 /* SceneDelegate.swift */ = {isa = PBXFileReference; lastKnownFileType = sourcecode.swift; path = SceneDelegate.swift; sourceTree = "<group>"; };
		FC9861CB2B38C3E10035A224 /* Base */ = {isa = PBXFileReference; lastKnownFileType = file.storyboard; name = Base; path = Base.lproj/Main.storyboard; sourceTree = "<group>"; };
		FC9861CD2B38C3E30035A224 /* Assets.xcassets */ = {isa = PBXFileReference; lastKnownFileType = folder.assetcatalog; path = Assets.xcassets; sourceTree = "<group>"; };
		FC9861D02B38C3E30035A224 /* Base */ = {isa = PBXFileReference; lastKnownFileType = file.storyboard; name = Base; path = Base.lproj/LaunchScreen.storyboard; sourceTree = "<group>"; };
		FC9861D22B38C3E30035A224 /* Info.plist */ = {isa = PBXFileReference; lastKnownFileType = text.plist.xml; path = Info.plist; sourceTree = "<group>"; };
		FC9861D92B3987630035A224 /* SearchViewController.swift */ = {isa = PBXFileReference; lastKnownFileType = sourcecode.swift; path = SearchViewController.swift; sourceTree = "<group>"; };
		FC9861DB2B398EF00035A224 /* CategoryViewController.swift */ = {isa = PBXFileReference; lastKnownFileType = sourcecode.swift; path = CategoryViewController.swift; sourceTree = "<group>"; };
		FC9861DD2B399D120035A224 /* ListViewController.swift */ = {isa = PBXFileReference; lastKnownFileType = sourcecode.swift; path = ListViewController.swift; sourceTree = "<group>"; };
		FC9861E02B399F270035A224 /* SearchResponse.swift */ = {isa = PBXFileReference; lastKnownFileType = sourcecode.swift; path = SearchResponse.swift; sourceTree = "<group>"; };
		FC9861E22B399F850035A224 /* CategoryResponse.swift */ = {isa = PBXFileReference; lastKnownFileType = sourcecode.swift; path = CategoryResponse.swift; sourceTree = "<group>"; };
		FC9861E42B399FB70035A224 /* ListResponse.swift */ = {isa = PBXFileReference; lastKnownFileType = sourcecode.swift; path = ListResponse.swift; sourceTree = "<group>"; };
		FC9861E72B39A05F0035A224 /* NetworkManager.swift */ = {isa = PBXFileReference; lastKnownFileType = sourcecode.swift; path = NetworkManager.swift; sourceTree = "<group>"; };
		FC9861ED2B39A1610035A224 /* Endpoint.swift */ = {isa = PBXFileReference; lastKnownFileType = sourcecode.swift; path = Endpoint.swift; sourceTree = "<group>"; };
		FC9861EF2B39A5DE0035A224 /* SearchEndpointItem.swift */ = {isa = PBXFileReference; lastKnownFileType = sourcecode.swift; path = SearchEndpointItem.swift; sourceTree = "<group>"; };
		FC9861F12B39A6280035A224 /* CategoryEndpointItem.swift */ = {isa = PBXFileReference; lastKnownFileType = sourcecode.swift; path = CategoryEndpointItem.swift; sourceTree = "<group>"; };
		FC9861F52B39A6DD0035A224 /* ListEndpointItem.swift */ = {isa = PBXFileReference; lastKnownFileType = sourcecode.swift; path = ListEndpointItem.swift; sourceTree = "<group>"; };
		FC9861F92B39A8630035A224 /* UIImage+Extension.swift */ = {isa = PBXFileReference; lastKnownFileType = sourcecode.swift; path = "UIImage+Extension.swift"; sourceTree = "<group>"; };
		FC9861FB2B39AC480035A224 /* URL+Extension.swift */ = {isa = PBXFileReference; lastKnownFileType = sourcecode.swift; path = "URL+Extension.swift"; sourceTree = "<group>"; };
		FC9862012B39BB7F0035A224 /* CategoryCell.swift */ = {isa = PBXFileReference; lastKnownFileType = sourcecode.swift; path = CategoryCell.swift; sourceTree = "<group>"; };
		FC9862022B39BB7F0035A224 /* CategoryCell.xib */ = {isa = PBXFileReference; lastKnownFileType = file.xib; path = CategoryCell.xib; sourceTree = "<group>"; };
		FCB79E2E2BE3A51D0078563F /* DetailViewModel.swift */ = {isa = PBXFileReference; lastKnownFileType = sourcecode.swift; path = DetailViewModel.swift; sourceTree = "<group>"; };
		FCB79E302BE3A5550078563F /* SearchViewModel.swift */ = {isa = PBXFileReference; lastKnownFileType = sourcecode.swift; path = SearchViewModel.swift; sourceTree = "<group>"; };
		FCB79E322BE3A5650078563F /* RandomViewModel.swift */ = {isa = PBXFileReference; lastKnownFileType = sourcecode.swift; path = RandomViewModel.swift; sourceTree = "<group>"; };
		FCBC2FED2CEB54D90086F12F /* UIColor+Extension.swift */ = {isa = PBXFileReference; lastKnownFileType = sourcecode.swift; path = "UIColor+Extension.swift"; sourceTree = "<group>"; };
		FCC35FAD2BE7AAB500D56EAB /* NetworkError.swift */ = {isa = PBXFileReference; lastKnownFileType = sourcecode.swift; path = NetworkError.swift; sourceTree = "<group>"; };
		FCC35FAF2BEA42BC00D56EAB /* ListViewStyle.swift */ = {isa = PBXFileReference; lastKnownFileType = sourcecode.swift; path = ListViewStyle.swift; sourceTree = "<group>"; };
		FCDE84942CCA507A00DD39EF /* LaunchScreenViewController.swift */ = {isa = PBXFileReference; lastKnownFileType = sourcecode.swift; path = LaunchScreenViewController.swift; sourceTree = "<group>"; };
		FCDEBFDD2B455AD20069976C /* RandomCocktailViewController.swift */ = {isa = PBXFileReference; lastKnownFileType = sourcecode.swift; path = RandomCocktailViewController.swift; sourceTree = "<group>"; };
		FCDEBFDF2B455BE60069976C /* RandomCocktailEndpointItem.swift */ = {isa = PBXFileReference; lastKnownFileType = sourcecode.swift; path = RandomCocktailEndpointItem.swift; sourceTree = "<group>"; };
		FCDEBFE12B455CC90069976C /* RandomCocktailResponse.swift */ = {isa = PBXFileReference; lastKnownFileType = sourcecode.swift; path = RandomCocktailResponse.swift; sourceTree = "<group>"; };
		FCDEBFE32B4575260069976C /* RandomCocktailService.swift */ = {isa = PBXFileReference; lastKnownFileType = sourcecode.swift; path = RandomCocktailService.swift; sourceTree = "<group>"; };
/* End PBXFileReference section */

/* Begin PBXFrameworksBuildPhase section */
		FC9861BE2B38C3E10035A224 /* Frameworks */ = {
			isa = PBXFrameworksBuildPhase;
			buildActionMask = 2147483647;
			files = (
				FC76B6992B3C252400092762 /* SDWebImage in Frameworks */,
				FC9861EB2B39A0E10035A224 /* Alamofire in Frameworks */,
			);
			runOnlyForDeploymentPostprocessing = 0;
		};
/* End PBXFrameworksBuildPhase section */

/* Begin PBXGroup section */
		FC2D24C12CE4C75600C8DEE5 /* CocktailCategory */ = {
			isa = PBXGroup;
			children = (
				FC2D24C92CE4C89D00C8DEE5 /* Cell */,
				FC2D24C82CE4C89000C8DEE5 /* Response */,
				FC2D24C62CE4C86F00C8DEE5 /* ViewController */,
				FC2D24C72CE4C87E00C8DEE5 /* ViewModel */,
			);
			path = CocktailCategory;
			sourceTree = "<group>";
		};
		FC2D24C22CE4C76400C8DEE5 /* CocktailList */ = {
			isa = PBXGroup;
			children = (
				FC2D24D52CE4C9C500C8DEE5 /* Cell */,
				FC2D24D42CE4C9BF00C8DEE5 /* Response */,
				FC2D24D32CE4C9BA00C8DEE5 /* ViewModel */,
				FC2D24D22CE4C9B300C8DEE5 /* ViewController */,
			);
			path = CocktailList;
			sourceTree = "<group>";
		};
		FC2D24C32CE4C7B600C8DEE5 /* CocktailSearch */ = {
			isa = PBXGroup;
			children = (
				FC2D24D12CE4C9A000C8DEE5 /* Cell */,
				FC2D24D02CE4C99800C8DEE5 /* Response */,
				FC2D24CF2CE4C99100C8DEE5 /* ViewModel */,
				FC2D24CE2CE4C97F00C8DEE5 /* ViewController */,
			);
			path = CocktailSearch;
			sourceTree = "<group>";
		};
		FC2D24C42CE4C7D400C8DEE5 /* CocktailRandom */ = {
			isa = PBXGroup;
			children = (
				FC2D24D72CE4CB7300C8DEE5 /* Service */,
				FC2D24CC2CE4C8E900C8DEE5 /* Response */,
				FC2D24CB2CE4C8DF00C8DEE5 /* ViewModel */,
				FC2D24CA2CE4C8CF00C8DEE5 /* ViewController */,
			);
			path = CocktailRandom;
			sourceTree = "<group>";
		};
		FC2D24C52CE4C7EE00C8DEE5 /* CocktailLaunchScreen */ = {
			isa = PBXGroup;
			children = (
				FC2D24D62CE4CB5600C8DEE5 /* ViewController */,
			);
			path = CocktailLaunchScreen;
			sourceTree = "<group>";
		};
		FC2D24C62CE4C86F00C8DEE5 /* ViewController */ = {
			isa = PBXGroup;
			children = (
				FC9861DB2B398EF00035A224 /* CategoryViewController.swift */,
			);
			path = ViewController;
			sourceTree = "<group>";
		};
		FC2D24C72CE4C87E00C8DEE5 /* ViewModel */ = {
			isa = PBXGroup;
			children = (
				FC4ADEE22BA31597009429C7 /* CategoryViewModel.swift */,
			);
			path = ViewModel;
			sourceTree = "<group>";
		};
		FC2D24C82CE4C89000C8DEE5 /* Response */ = {
			isa = PBXGroup;
			children = (
				FC9861E22B399F850035A224 /* CategoryResponse.swift */,
			);
			path = Response;
			sourceTree = "<group>";
		};
		FC2D24C92CE4C89D00C8DEE5 /* Cell */ = {
			isa = PBXGroup;
			children = (
				FC9862012B39BB7F0035A224 /* CategoryCell.swift */,
				FC9862022B39BB7F0035A224 /* CategoryCell.xib */,
			);
			path = Cell;
			sourceTree = "<group>";
		};
		FC2D24CA2CE4C8CF00C8DEE5 /* ViewController */ = {
			isa = PBXGroup;
			children = (
				FCDEBFDD2B455AD20069976C /* RandomCocktailViewController.swift */,
			);
			path = ViewController;
			sourceTree = "<group>";
		};
		FC2D24CB2CE4C8DF00C8DEE5 /* ViewModel */ = {
			isa = PBXGroup;
			children = (
				FCB79E322BE3A5650078563F /* RandomViewModel.swift */,
			);
			path = ViewModel;
			sourceTree = "<group>";
		};
		FC2D24CC2CE4C8E900C8DEE5 /* Response */ = {
			isa = PBXGroup;
			children = (
				FCDEBFE12B455CC90069976C /* RandomCocktailResponse.swift */,
			);
			path = Response;
			sourceTree = "<group>";
		};
		FC2D24CE2CE4C97F00C8DEE5 /* ViewController */ = {
			isa = PBXGroup;
			children = (
				FC9861D92B3987630035A224 /* SearchViewController.swift */,
			);
			path = ViewController;
			sourceTree = "<group>";
		};
		FC2D24CF2CE4C99100C8DEE5 /* ViewModel */ = {
			isa = PBXGroup;
			children = (
				FCB79E302BE3A5550078563F /* SearchViewModel.swift */,
			);
			path = ViewModel;
			sourceTree = "<group>";
		};
		FC2D24D02CE4C99800C8DEE5 /* Response */ = {
			isa = PBXGroup;
			children = (
				FC9861E02B399F270035A224 /* SearchResponse.swift */,
			);
			path = Response;
			sourceTree = "<group>";
		};
		FC2D24D12CE4C9A000C8DEE5 /* Cell */ = {
			isa = PBXGroup;
			children = (
				FC76B6912B3AE6B200092762 /* SearchListCell.swift */,
				FC76B6922B3AE6B200092762 /* SearchListCell.xib */,
				FC76B69A2B3C535500092762 /* SmallCardCell.swift */,
				FC76B69B2B3C535500092762 /* SmallCardCell.xib */,
			);
			path = Cell;
			sourceTree = "<group>";
		};
		FC2D24D22CE4C9B300C8DEE5 /* ViewController */ = {
			isa = PBXGroup;
			children = (
				FC9861DD2B399D120035A224 /* ListViewController.swift */,
			);
			path = ViewController;
			sourceTree = "<group>";
		};
		FC2D24D32CE4C9BA00C8DEE5 /* ViewModel */ = {
			isa = PBXGroup;
			children = (
				FC4ADEE42BA474EF009429C7 /* ListViewModel.swift */,
			);
			path = ViewModel;
			sourceTree = "<group>";
		};
		FC2D24D42CE4C9BF00C8DEE5 /* Response */ = {
			isa = PBXGroup;
			children = (
				FC9861E42B399FB70035A224 /* ListResponse.swift */,
			);
			path = Response;
			sourceTree = "<group>";
		};
		FC2D24D52CE4C9C500C8DEE5 /* Cell */ = {
			isa = PBXGroup;
			children = (
				FC76B68C2B3A0E3100092762 /* ListCell.swift */,
				FC76B68D2B3A0E3100092762 /* ListCell.xib */,
				FC76B69E2B3CC2FB00092762 /* BigCardCell.swift */,
				FC76B69F2B3CC2FB00092762 /* BigCardCell.xib */,
			);
			path = Cell;
			sourceTree = "<group>";
		};
		FC2D24D62CE4CB5600C8DEE5 /* ViewController */ = {
			isa = PBXGroup;
			children = (
				FCDE84942CCA507A00DD39EF /* LaunchScreenViewController.swift */,
			);
			path = ViewController;
			sourceTree = "<group>";
		};
		FC2D24D72CE4CB7300C8DEE5 /* Service */ = {
			isa = PBXGroup;
			children = (
				FCDEBFE32B4575260069976C /* RandomCocktailService.swift */,
			);
			path = Service;
			sourceTree = "<group>";
		};
		FC2D24D82CE4CB8C00C8DEE5 /* CocktailDetail */ = {
			isa = PBXGroup;
			children = (
				FC2D24DB2CE4CC5200C8DEE5 /* Response */,
				FC2D24DA2CE4CBA300C8DEE5 /* ViewModel */,
				FC2D24D92CE4CB9B00C8DEE5 /* ViewController */,
			);
			path = CocktailDetail;
			sourceTree = "<group>";
		};
		FC2D24D92CE4CB9B00C8DEE5 /* ViewController */ = {
			isa = PBXGroup;
			children = (
				FC76B6A22B3D5D8B00092762 /* DetailsViewController.swift */,
			);
			path = ViewController;
			sourceTree = "<group>";
		};
		FC2D24DA2CE4CBA300C8DEE5 /* ViewModel */ = {
			isa = PBXGroup;
			children = (
				FCB79E2E2BE3A51D0078563F /* DetailViewModel.swift */,
			);
			path = ViewModel;
			sourceTree = "<group>";
		};
		FC2D24DB2CE4CC5200C8DEE5 /* Response */ = {
			isa = PBXGroup;
			children = (
				FC76B6A42B3D5E8500092762 /* CocktailDetailResponse.swift */,
			);
			path = Response;
			sourceTree = "<group>";
		};
		FC2D24DC2CE4D14800C8DEE5 /* Network */ = {
			isa = PBXGroup;
			children = (
				FC2D24E12CE4D40500C8DEE5 /* Manager */,
				FC2D24E22CE4D42600C8DEE5 /* Error */,
				FC9861EC2B39A13F0035A224 /* EndPointItems */,
			);
			path = Network;
			sourceTree = "<group>";
		};
		FC2D24DD2CE4D19800C8DEE5 /* Modules */ = {
			isa = PBXGroup;
			children = (
				FC9861FE2B39ACC50035A224 /* Module */,
				FC2D24DC2CE4D14800C8DEE5 /* Network */,
			);
			path = Modules;
			sourceTree = "<group>";
		};
		FC2D24E12CE4D40500C8DEE5 /* Manager */ = {
			isa = PBXGroup;
			children = (
				FC9861E72B39A05F0035A224 /* NetworkManager.swift */,
			);
			path = Manager;
			sourceTree = "<group>";
		};
		FC2D24E22CE4D42600C8DEE5 /* Error */ = {
			isa = PBXGroup;
			children = (
				FCC35FAD2BE7AAB500D56EAB /* NetworkError.swift */,
			);
			path = Error;
			sourceTree = "<group>";
		};
		FC2D24E32CE4D48C00C8DEE5 /* Resources */ = {
			isa = PBXGroup;
			children = (
				FC9861CD2B38C3E30035A224 /* Assets.xcassets */,
			);
			path = Resources;
			sourceTree = "<group>";
		};
		FC2D24E42CE4D5C800C8DEE5 /* App */ = {
			isa = PBXGroup;
			children = (
				FC9861C42B38C3E10035A224 /* AppDelegate.swift */,
				FC9861C62B38C3E10035A224 /* SceneDelegate.swift */,
				FC9861CA2B38C3E10035A224 /* Main.storyboard */,
				FC9861CF2B38C3E30035A224 /* LaunchScreen.storyboard */,
				FC2D24E62CE4D67C00C8DEE5 /* TabBarController */,
			);
			path = App;
			sourceTree = "<group>";
		};
		FC2D24E52CE4D64B00C8DEE5 /* ViewStyle */ = {
			isa = PBXGroup;
			children = (
				FCC35FAF2BEA42BC00D56EAB /* ListViewStyle.swift */,
			);
			path = ViewStyle;
			sourceTree = "<group>";
		};
		FC2D24E62CE4D67C00C8DEE5 /* TabBarController */ = {
			isa = PBXGroup;
			children = (
				FC2D24BD2CE3A1C700C8DEE5 /* TabBarController.swift */,
			);
			path = TabBarController;
			sourceTree = "<group>";
		};
		FC9861B82B38C3E10035A224 = {
			isa = PBXGroup;
			children = (
				FC9861C32B38C3E10035A224 /* CocktailApp */,
				FC9861C22B38C3E10035A224 /* Products */,
			);
			sourceTree = "<group>";
		};
		FC9861C22B38C3E10035A224 /* Products */ = {
			isa = PBXGroup;
			children = (
				FC9861C12B38C3E10035A224 /* CocktailApp.app */,
			);
			name = Products;
			sourceTree = "<group>";
		};
		FC9861C32B38C3E10035A224 /* CocktailApp */ = {
			isa = PBXGroup;
			children = (
				FC9861D22B38C3E30035A224 /* Info.plist */,
				FC9861F72B39A74D0035A224 /* Utils */,
				FC2D24E42CE4D5C800C8DEE5 /* App */,
				FC2D24DD2CE4D19800C8DEE5 /* Modules */,
				FC2D24E32CE4D48C00C8DEE5 /* Resources */,
			);
			path = CocktailApp;
			sourceTree = "<group>";
		};
		FC9861EC2B39A13F0035A224 /* EndPointItems */ = {
			isa = PBXGroup;
			children = (
				FC9861ED2B39A1610035A224 /* Endpoint.swift */,
				FC9861EF2B39A5DE0035A224 /* SearchEndpointItem.swift */,
				FC9861F12B39A6280035A224 /* CategoryEndpointItem.swift */,
				FC9861F52B39A6DD0035A224 /* ListEndpointItem.swift */,
				FC76B6A62B3D60B600092762 /* DetailEndpointItem.swift */,
				FCDEBFDF2B455BE60069976C /* RandomCocktailEndpointItem.swift */,
			);
			path = EndPointItems;
			sourceTree = "<group>";
		};
		FC9861F72B39A74D0035A224 /* Utils */ = {
			isa = PBXGroup;
			children = (
				FC9861F82B39A8390035A224 /* Extensions */,
			);
			path = Utils;
			sourceTree = "<group>";
		};
		FC9861F82B39A8390035A224 /* Extensions */ = {
			isa = PBXGroup;
			children = (
				FC9861F92B39A8630035A224 /* UIImage+Extension.swift */,
				FC9861FB2B39AC480035A224 /* URL+Extension.swift */,
				FC76B6952B3C248800092762 /* UIImageView+Extension.swift */,
				FC2D24BF2CE3A1E000C8DEE5 /* Identifier+Extension.swift */,
				FCBC2FED2CEB54D90086F12F /* UIColor+Extension.swift */,
			);
			path = Extensions;
			sourceTree = "<group>";
		};
		FC9861FE2B39ACC50035A224 /* Module */ = {
			isa = PBXGroup;
			children = (
				FC2D24E52CE4D64B00C8DEE5 /* ViewStyle */,
				FC2D24C12CE4C75600C8DEE5 /* CocktailCategory */,
				FC2D24C22CE4C76400C8DEE5 /* CocktailList */,
				FC2D24C32CE4C7B600C8DEE5 /* CocktailSearch */,
				FC2D24D82CE4CB8C00C8DEE5 /* CocktailDetail */,
				FC2D24C42CE4C7D400C8DEE5 /* CocktailRandom */,
				FC2D24C52CE4C7EE00C8DEE5 /* CocktailLaunchScreen */,
			);
			path = Module;
			sourceTree = "<group>";
		};
/* End PBXGroup section */

/* Begin PBXNativeTarget section */
		FC9861C02B38C3E10035A224 /* CocktailApp */ = {
			isa = PBXNativeTarget;
			buildConfigurationList = FC9861D52B38C3E30035A224 /* Build configuration list for PBXNativeTarget "CocktailApp" */;
			buildPhases = (
				FC9861BD2B38C3E10035A224 /* Sources */,
				FC9861BE2B38C3E10035A224 /* Frameworks */,
				FC9861BF2B38C3E10035A224 /* Resources */,
			);
			buildRules = (
			);
			dependencies = (
			);
			name = CocktailApp;
			packageProductDependencies = (
				FC9861EA2B39A0E10035A224 /* Alamofire */,
				FC76B6982B3C252400092762 /* SDWebImage */,
			);
			productName = CocktailApp;
			productReference = FC9861C12B38C3E10035A224 /* CocktailApp.app */;
			productType = "com.apple.product-type.application";
		};
/* End PBXNativeTarget section */

/* Begin PBXProject section */
		FC9861B92B38C3E10035A224 /* Project object */ = {
			isa = PBXProject;
			attributes = {
				BuildIndependentTargetsInParallel = 1;
				LastSwiftUpdateCheck = 1420;
				LastUpgradeCheck = 1420;
				TargetAttributes = {
					FC9861C02B38C3E10035A224 = {
						CreatedOnToolsVersion = 14.2;
					};
				};
			};
			buildConfigurationList = FC9861BC2B38C3E10035A224 /* Build configuration list for PBXProject "CocktailApp" */;
			compatibilityVersion = "Xcode 14.0";
			developmentRegion = en;
			hasScannedForEncodings = 0;
			knownRegions = (
				en,
				Base,
			);
			mainGroup = FC9861B82B38C3E10035A224;
			packageReferences = (
				FC9861E92B39A0E10035A224 /* XCRemoteSwiftPackageReference "Alamofire" */,
				FC76B6972B3C252400092762 /* XCRemoteSwiftPackageReference "SDWebImage" */,
			);
			productRefGroup = FC9861C22B38C3E10035A224 /* Products */;
			projectDirPath = "";
			projectRoot = "";
			targets = (
				FC9861C02B38C3E10035A224 /* CocktailApp */,
			);
		};
/* End PBXProject section */

/* Begin PBXResourcesBuildPhase section */
		FC9861BF2B38C3E10035A224 /* Resources */ = {
			isa = PBXResourcesBuildPhase;
			buildActionMask = 2147483647;
			files = (
				FC9861D12B38C3E30035A224 /* LaunchScreen.storyboard in Resources */,
				FC9861CE2B38C3E30035A224 /* Assets.xcassets in Resources */,
				FC9861CC2B38C3E10035A224 /* Main.storyboard in Resources */,
				FC76B69D2B3C535500092762 /* SmallCardCell.xib in Resources */,
				FC76B6A12B3CC2FB00092762 /* BigCardCell.xib in Resources */,
				FC76B6942B3AE6B200092762 /* SearchListCell.xib in Resources */,
				FC9862042B39BB7F0035A224 /* CategoryCell.xib in Resources */,
				FC76B68F2B3A0E3100092762 /* ListCell.xib in Resources */,
			);
			runOnlyForDeploymentPostprocessing = 0;
		};
/* End PBXResourcesBuildPhase section */

/* Begin PBXSourcesBuildPhase section */
		FC9861BD2B38C3E10035A224 /* Sources */ = {
			isa = PBXSourcesBuildPhase;
			buildActionMask = 2147483647;
			files = (
				FCC35FB02BEA42BC00D56EAB /* ListViewStyle.swift in Sources */,
				FC9861E82B39A05F0035A224 /* NetworkManager.swift in Sources */,
				FC76B6932B3AE6B200092762 /* SearchListCell.swift in Sources */,
				FC9861FA2B39A8630035A224 /* UIImage+Extension.swift in Sources */,
				FC76B6A32B3D5D8B00092762 /* DetailsViewController.swift in Sources */,
				FC9861E52B399FB70035A224 /* ListResponse.swift in Sources */,
				FC9861DC2B398EF00035A224 /* CategoryViewController.swift in Sources */,
				FC76B6A72B3D60B600092762 /* DetailEndpointItem.swift in Sources */,
				FC9861C52B38C3E10035A224 /* AppDelegate.swift in Sources */,
				FCDEBFDE2B455AD20069976C /* RandomCocktailViewController.swift in Sources */,
				FCDEBFE22B455CC90069976C /* RandomCocktailResponse.swift in Sources */,
				FC9861F02B39A5DE0035A224 /* SearchEndpointItem.swift in Sources */,
				FC76B6A02B3CC2FB00092762 /* BigCardCell.swift in Sources */,
				FC9861F62B39A6DD0035A224 /* ListEndpointItem.swift in Sources */,
				FCB79E2F2BE3A51D0078563F /* DetailViewModel.swift in Sources */,
				FC9861EE2B39A1610035A224 /* Endpoint.swift in Sources */,
				FC9861FC2B39AC480035A224 /* URL+Extension.swift in Sources */,
				FCB79E332BE3A5650078563F /* RandomViewModel.swift in Sources */,
				FCC35FAE2BE7AAB500D56EAB /* NetworkError.swift in Sources */,
				FCDEBFE02B455BE60069976C /* RandomCocktailEndpointItem.swift in Sources */,
				FC9861E32B399F850035A224 /* CategoryResponse.swift in Sources */,
				FCB79E312BE3A5550078563F /* SearchViewModel.swift in Sources */,
				FC9861F22B39A6280035A224 /* CategoryEndpointItem.swift in Sources */,
				FC4ADEE32BA31597009429C7 /* CategoryViewModel.swift in Sources */,
				FCDEBFE42B4575260069976C /* RandomCocktailService.swift in Sources */,
				FC4ADEE52BA474EF009429C7 /* ListViewModel.swift in Sources */,
				FC76B68E2B3A0E3100092762 /* ListCell.swift in Sources */,
				FC76B69C2B3C535500092762 /* SmallCardCell.swift in Sources */,
				FC9862032B39BB7F0035A224 /* CategoryCell.swift in Sources */,
				FC9861E12B399F270035A224 /* SearchResponse.swift in Sources */,
				FC9861DA2B3987640035A224 /* SearchViewController.swift in Sources */,
				FC76B6A52B3D5E8500092762 /* CocktailDetailResponse.swift in Sources */,
				FC2D24BE2CE3A1C700C8DEE5 /* TabBarController.swift in Sources */,
				FC76B6962B3C248800092762 /* UIImageView+Extension.swift in Sources */,
				FC9861DE2B399D120035A224 /* ListViewController.swift in Sources */,
				FCDE84952CCA507A00DD39EF /* LaunchScreenViewController.swift in Sources */,
				FCBC2FEE2CEB54D90086F12F /* UIColor+Extension.swift in Sources */,
				FC2D24C02CE3A1E000C8DEE5 /* Identifier+Extension.swift in Sources */,
				FC9861C72B38C3E10035A224 /* SceneDelegate.swift in Sources */,
			);
			runOnlyForDeploymentPostprocessing = 0;
		};
/* End PBXSourcesBuildPhase section */

/* Begin PBXVariantGroup section */
		FC9861CA2B38C3E10035A224 /* Main.storyboard */ = {
			isa = PBXVariantGroup;
			children = (
				FC9861CB2B38C3E10035A224 /* Base */,
			);
			name = Main.storyboard;
			sourceTree = "<group>";
		};
		FC9861CF2B38C3E30035A224 /* LaunchScreen.storyboard */ = {
			isa = PBXVariantGroup;
			children = (
				FC9861D02B38C3E30035A224 /* Base */,
			);
			name = LaunchScreen.storyboard;
			sourceTree = "<group>";
		};
/* End PBXVariantGroup section */

/* Begin XCBuildConfiguration section */
		FC9861D32B38C3E30035A224 /* Debug */ = {
			isa = XCBuildConfiguration;
			buildSettings = {
				ALWAYS_SEARCH_USER_PATHS = NO;
				CLANG_ANALYZER_NONNULL = YES;
				CLANG_ANALYZER_NUMBER_OBJECT_CONVERSION = YES_AGGRESSIVE;
				CLANG_CXX_LANGUAGE_STANDARD = "gnu++20";
				CLANG_ENABLE_MODULES = YES;
				CLANG_ENABLE_OBJC_ARC = YES;
				CLANG_ENABLE_OBJC_WEAK = YES;
				CLANG_WARN_BLOCK_CAPTURE_AUTORELEASING = YES;
				CLANG_WARN_BOOL_CONVERSION = YES;
				CLANG_WARN_COMMA = YES;
				CLANG_WARN_CONSTANT_CONVERSION = YES;
				CLANG_WARN_DEPRECATED_OBJC_IMPLEMENTATIONS = YES;
				CLANG_WARN_DIRECT_OBJC_ISA_USAGE = YES_ERROR;
				CLANG_WARN_DOCUMENTATION_COMMENTS = YES;
				CLANG_WARN_EMPTY_BODY = YES;
				CLANG_WARN_ENUM_CONVERSION = YES;
				CLANG_WARN_INFINITE_RECURSION = YES;
				CLANG_WARN_INT_CONVERSION = YES;
				CLANG_WARN_NON_LITERAL_NULL_CONVERSION = YES;
				CLANG_WARN_OBJC_IMPLICIT_RETAIN_SELF = YES;
				CLANG_WARN_OBJC_LITERAL_CONVERSION = YES;
				CLANG_WARN_OBJC_ROOT_CLASS = YES_ERROR;
				CLANG_WARN_QUOTED_INCLUDE_IN_FRAMEWORK_HEADER = YES;
				CLANG_WARN_RANGE_LOOP_ANALYSIS = YES;
				CLANG_WARN_STRICT_PROTOTYPES = YES;
				CLANG_WARN_SUSPICIOUS_MOVE = YES;
				CLANG_WARN_UNGUARDED_AVAILABILITY = YES_AGGRESSIVE;
				CLANG_WARN_UNREACHABLE_CODE = YES;
				CLANG_WARN__DUPLICATE_METHOD_MATCH = YES;
				COPY_PHASE_STRIP = NO;
				DEBUG_INFORMATION_FORMAT = dwarf;
				ENABLE_STRICT_OBJC_MSGSEND = YES;
				ENABLE_TESTABILITY = YES;
				GCC_C_LANGUAGE_STANDARD = gnu11;
				GCC_DYNAMIC_NO_PIC = NO;
				GCC_NO_COMMON_BLOCKS = YES;
				GCC_OPTIMIZATION_LEVEL = 0;
				GCC_PREPROCESSOR_DEFINITIONS = (
					"DEBUG=1",
					"$(inherited)",
				);
				GCC_WARN_64_TO_32_BIT_CONVERSION = YES;
				GCC_WARN_ABOUT_RETURN_TYPE = YES_ERROR;
				GCC_WARN_UNDECLARED_SELECTOR = YES;
				GCC_WARN_UNINITIALIZED_AUTOS = YES_AGGRESSIVE;
				GCC_WARN_UNUSED_FUNCTION = YES;
				GCC_WARN_UNUSED_VARIABLE = YES;
				IPHONEOS_DEPLOYMENT_TARGET = 16.2;
				MTL_ENABLE_DEBUG_INFO = INCLUDE_SOURCE;
				MTL_FAST_MATH = YES;
				ONLY_ACTIVE_ARCH = YES;
				SDKROOT = iphoneos;
				SWIFT_ACTIVE_COMPILATION_CONDITIONS = DEBUG;
				SWIFT_OPTIMIZATION_LEVEL = "-Onone";
			};
			name = Debug;
		};
		FC9861D42B38C3E30035A224 /* Release */ = {
			isa = XCBuildConfiguration;
			buildSettings = {
				ALWAYS_SEARCH_USER_PATHS = NO;
				CLANG_ANALYZER_NONNULL = YES;
				CLANG_ANALYZER_NUMBER_OBJECT_CONVERSION = YES_AGGRESSIVE;
				CLANG_CXX_LANGUAGE_STANDARD = "gnu++20";
				CLANG_ENABLE_MODULES = YES;
				CLANG_ENABLE_OBJC_ARC = YES;
				CLANG_ENABLE_OBJC_WEAK = YES;
				CLANG_WARN_BLOCK_CAPTURE_AUTORELEASING = YES;
				CLANG_WARN_BOOL_CONVERSION = YES;
				CLANG_WARN_COMMA = YES;
				CLANG_WARN_CONSTANT_CONVERSION = YES;
				CLANG_WARN_DEPRECATED_OBJC_IMPLEMENTATIONS = YES;
				CLANG_WARN_DIRECT_OBJC_ISA_USAGE = YES_ERROR;
				CLANG_WARN_DOCUMENTATION_COMMENTS = YES;
				CLANG_WARN_EMPTY_BODY = YES;
				CLANG_WARN_ENUM_CONVERSION = YES;
				CLANG_WARN_INFINITE_RECURSION = YES;
				CLANG_WARN_INT_CONVERSION = YES;
				CLANG_WARN_NON_LITERAL_NULL_CONVERSION = YES;
				CLANG_WARN_OBJC_IMPLICIT_RETAIN_SELF = YES;
				CLANG_WARN_OBJC_LITERAL_CONVERSION = YES;
				CLANG_WARN_OBJC_ROOT_CLASS = YES_ERROR;
				CLANG_WARN_QUOTED_INCLUDE_IN_FRAMEWORK_HEADER = YES;
				CLANG_WARN_RANGE_LOOP_ANALYSIS = YES;
				CLANG_WARN_STRICT_PROTOTYPES = YES;
				CLANG_WARN_SUSPICIOUS_MOVE = YES;
				CLANG_WARN_UNGUARDED_AVAILABILITY = YES_AGGRESSIVE;
				CLANG_WARN_UNREACHABLE_CODE = YES;
				CLANG_WARN__DUPLICATE_METHOD_MATCH = YES;
				COPY_PHASE_STRIP = NO;
				DEBUG_INFORMATION_FORMAT = "dwarf-with-dsym";
				ENABLE_NS_ASSERTIONS = NO;
				ENABLE_STRICT_OBJC_MSGSEND = YES;
				GCC_C_LANGUAGE_STANDARD = gnu11;
				GCC_NO_COMMON_BLOCKS = YES;
				GCC_WARN_64_TO_32_BIT_CONVERSION = YES;
				GCC_WARN_ABOUT_RETURN_TYPE = YES_ERROR;
				GCC_WARN_UNDECLARED_SELECTOR = YES;
				GCC_WARN_UNINITIALIZED_AUTOS = YES_AGGRESSIVE;
				GCC_WARN_UNUSED_FUNCTION = YES;
				GCC_WARN_UNUSED_VARIABLE = YES;
				IPHONEOS_DEPLOYMENT_TARGET = 16.2;
				MTL_ENABLE_DEBUG_INFO = NO;
				MTL_FAST_MATH = YES;
				SDKROOT = iphoneos;
				SWIFT_COMPILATION_MODE = wholemodule;
				SWIFT_OPTIMIZATION_LEVEL = "-O";
				VALIDATE_PRODUCT = YES;
			};
			name = Release;
		};
		FC9861D62B38C3E30035A224 /* Debug */ = {
			isa = XCBuildConfiguration;
			buildSettings = {
				ASSETCATALOG_COMPILER_APPICON_NAME = AppIcon;
				ASSETCATALOG_COMPILER_GLOBAL_ACCENT_COLOR_NAME = AccentColor;
				CODE_SIGN_STYLE = Automatic;
				CURRENT_PROJECT_VERSION = 1;
				DEVELOPMENT_TEAM = 95TP2MMC6C;
				GENERATE_INFOPLIST_FILE = YES;
				INFOPLIST_FILE = CocktailApp/Info.plist;
				INFOPLIST_KEY_UIApplicationSupportsIndirectInputEvents = YES;
				INFOPLIST_KEY_UILaunchStoryboardName = LaunchScreen;
				INFOPLIST_KEY_UIMainStoryboardFile = Main;
				INFOPLIST_KEY_UISupportedInterfaceOrientations_iPad = "UIInterfaceOrientationPortrait UIInterfaceOrientationPortraitUpsideDown UIInterfaceOrientationLandscapeLeft UIInterfaceOrientationLandscapeRight";
				INFOPLIST_KEY_UISupportedInterfaceOrientations_iPhone = "UIInterfaceOrientationPortrait UIInterfaceOrientationLandscapeLeft UIInterfaceOrientationLandscapeRight";
				IPHONEOS_DEPLOYMENT_TARGET = 15.0;
				LD_RUNPATH_SEARCH_PATHS = (
					"$(inherited)",
					"@executable_path/Frameworks",
				);
				MARKETING_VERSION = 1.0;
				PRODUCT_BUNDLE_IDENTIFIER = com.ensarozturk.CocktailApp;
				PRODUCT_NAME = "$(TARGET_NAME)";
				SWIFT_EMIT_LOC_STRINGS = YES;
				SWIFT_VERSION = 5.0;
				TARGETED_DEVICE_FAMILY = "1,2";
			};
			name = Debug;
		};
		FC9861D72B38C3E30035A224 /* Release */ = {
			isa = XCBuildConfiguration;
			buildSettings = {
				ASSETCATALOG_COMPILER_APPICON_NAME = AppIcon;
				ASSETCATALOG_COMPILER_GLOBAL_ACCENT_COLOR_NAME = AccentColor;
				CODE_SIGN_STYLE = Automatic;
				CURRENT_PROJECT_VERSION = 1;
				DEVELOPMENT_TEAM = 95TP2MMC6C;
				GENERATE_INFOPLIST_FILE = YES;
				INFOPLIST_FILE = CocktailApp/Info.plist;
				INFOPLIST_KEY_UIApplicationSupportsIndirectInputEvents = YES;
				INFOPLIST_KEY_UILaunchStoryboardName = LaunchScreen;
				INFOPLIST_KEY_UIMainStoryboardFile = Main;
				INFOPLIST_KEY_UISupportedInterfaceOrientations_iPad = "UIInterfaceOrientationPortrait UIInterfaceOrientationPortraitUpsideDown UIInterfaceOrientationLandscapeLeft UIInterfaceOrientationLandscapeRight";
				INFOPLIST_KEY_UISupportedInterfaceOrientations_iPhone = "UIInterfaceOrientationPortrait UIInterfaceOrientationLandscapeLeft UIInterfaceOrientationLandscapeRight";
				IPHONEOS_DEPLOYMENT_TARGET = 15.0;
				LD_RUNPATH_SEARCH_PATHS = (
					"$(inherited)",
					"@executable_path/Frameworks",
				);
				MARKETING_VERSION = 1.0;
				PRODUCT_BUNDLE_IDENTIFIER = com.ensarozturk.CocktailApp;
				PRODUCT_NAME = "$(TARGET_NAME)";
				SWIFT_EMIT_LOC_STRINGS = YES;
				SWIFT_VERSION = 5.0;
				TARGETED_DEVICE_FAMILY = "1,2";
			};
			name = Release;
		};
/* End XCBuildConfiguration section */

/* Begin XCConfigurationList section */
		FC9861BC2B38C3E10035A224 /* Build configuration list for PBXProject "CocktailApp" */ = {
			isa = XCConfigurationList;
			buildConfigurations = (
				FC9861D32B38C3E30035A224 /* Debug */,
				FC9861D42B38C3E30035A224 /* Release */,
			);
			defaultConfigurationIsVisible = 0;
			defaultConfigurationName = Release;
		};
		FC9861D52B38C3E30035A224 /* Build configuration list for PBXNativeTarget "CocktailApp" */ = {
			isa = XCConfigurationList;
			buildConfigurations = (
				FC9861D62B38C3E30035A224 /* Debug */,
				FC9861D72B38C3E30035A224 /* Release */,
			);
			defaultConfigurationIsVisible = 0;
			defaultConfigurationName = Release;
		};
/* End XCConfigurationList section */

/* Begin XCRemoteSwiftPackageReference section */
		FC76B6972B3C252400092762 /* XCRemoteSwiftPackageReference "SDWebImage" */ = {
			isa = XCRemoteSwiftPackageReference;
			repositoryURL = "https://github.com/SDWebImage/SDWebImage.git";
			requirement = {
				kind = upToNextMajorVersion;
				minimumVersion = 5.0.0;
			};
		};
		FC9861E92B39A0E10035A224 /* XCRemoteSwiftPackageReference "Alamofire" */ = {
			isa = XCRemoteSwiftPackageReference;
			repositoryURL = "https://github.com/Alamofire/Alamofire.git";
			requirement = {
				kind = upToNextMajorVersion;
				minimumVersion = 5.0.0;
			};
		};
/* End XCRemoteSwiftPackageReference section */

/* Begin XCSwiftPackageProductDependency section */
		FC76B6982B3C252400092762 /* SDWebImage */ = {
			isa = XCSwiftPackageProductDependency;
			package = FC76B6972B3C252400092762 /* XCRemoteSwiftPackageReference "SDWebImage" */;
			productName = SDWebImage;
		};
		FC9861EA2B39A0E10035A224 /* Alamofire */ = {
			isa = XCSwiftPackageProductDependency;
			package = FC9861E92B39A0E10035A224 /* XCRemoteSwiftPackageReference "Alamofire" */;
			productName = Alamofire;
		};
/* End XCSwiftPackageProductDependency section */
	};
	rootObject = FC9861B92B38C3E10035A224 /* Project object */;
}
